
Microsoft Visual Studio Solution File, Format Version 12.00
# Visual Studio Version 16
VisualStudioVersion = 16.0.30128.74
MinimumVisualStudioVersion = 10.0.40219.1
Project("{FAE04EC0-301F-11D3-BF4B-00C04F79EFBC}") = "Dapper.WebAPI", "Dapper.WebAPI\Dapper.WebAPI.csproj", "{629B7C0D-991A-4D7C-96B5-A22514C7BD4C}"
EndProject
Project("{FAE04EC0-301F-11D3-BF4B-00C04F79EFBC}") = "Dapper.Core", "Dapper.Core\Dapper.Core.csproj", "{38B740E1-66E1-4163-8106-D381A76A5715}"
EndProject
Project("{FAE04EC0-301F-11D3-BF4B-00C04F79EFBC}") = "Dapper.Infrastructure", "Dapper.Infrastructure\Dapper.Infrastructure.csproj", "{B2B4FE1F-EAFD-4668-B110-2D93B9BF6BD1}"
EndProject
Global
	GlobalSection(SolutionConfigurationPlatforms) = preSolution
		Debug|Any CPU = Debug|Any CPU
		Release|Any CPU = Release|Any CPU
	EndGlobalSection
	GlobalSection(ProjectConfigurationPlatforms) = postSolution
		{629B7C0D-991A-4D7C-96B5-A22514C7BD4C}.Debug|Any CPU.ActiveCfg = Debug|Any CPU
		{629B7C0D-991A-4D7C-96B5-A22514C7BD4C}.Debug|Any CPU.Build.0 = Debug|Any CPU
		{629B7C0D-991A-4D7C-96B5-A22514C7BD4C}.Release|Any CPU.ActiveCfg = Release|Any CPU
		{629B7C0D-991A-4D7C-96B5-A22514C7BD4C}.Release|Any CPU.Build.0 = Release|Any CPU
		{38B740E1-66E1-4163-8106-D381A76A5715}.Debug|Any CPU.ActiveCfg = Debug|Any CPU
		{38B740E1-66E1-4163-8106-D381A76A5715}.Debug|Any CPU.Build.0 = Debug|Any CPU
		{38B740E1-66E1-4163-8106-D381A76A5715}.Release|Any CPU.ActiveCfg = Release|Any CPU
		{38B740E1-66E1-4163-8106-D381A76A5715}.Release|Any CPU.Build.0 = Release|Any CPU
		{B2B4FE1F-EAFD-4668-B110-2D93B9BF6BD1}.Debug|Any CPU.ActiveCfg = Debug|Any CPU
		{B2B4FE1F-EAFD-4668-B110-2D93B9BF6BD1}.Debug|Any CPU.Build.0 = Debug|Any CPU
		{B2B4FE1F-EAFD-4668-B110-2D93B9BF6BD1}.Release|Any CPU.ActiveCfg = Release|Any CPU
		{B2B4FE1F-EAFD-4668-B110-2D93B9BF6BD1}.Release|Any CPU.Build.0 = Release|Any CPU
	EndGlobalSection
	GlobalSection(SolutionProperties) = preSolution
		HideSolutionNode = FALSE
	EndGlobalSection
	GlobalSection(ExtensibilityGlobals) = postSolution
		SolutionGuid = {47BFECA6-0F62-4131-A6B0-EE6D9FA2CDDD}
	EndGlobalSection
EndGlobal
